
Microsoft Visual Studio Solution File, Format Version 12.00
# Visual Studio Version 16
VisualStudioVersion = 16.0.31515.178
MinimumVisualStudioVersion = 10.0.40219.1
Project("{FAE04EC0-301F-11D3-BF4B-00C04F79EFBC}") = "rabbitconsumer", "rabbitconsumer.csproj", "{DFF82808-2312-46B6-AEBC-C37E648289EB}"
EndProject
Global
	GlobalSection(SolutionConfigurationPlatforms) = preSolution
		Debug|Any CPU = Debug|Any CPU
		Release|Any CPU = Release|Any CPU
	EndGlobalSection
	GlobalSection(ProjectConfigurationPlatforms) = postSolution
		{DFF82808-2312-46B6-AEBC-C37E648289EB}.Debug|Any CPU.ActiveCfg = Debug|Any CPU
		{DFF82808-2312-46B6-AEBC-C37E648289EB}.Debug|Any CPU.Build.0 = Debug|Any CPU
		{DFF82808-2312-46B6-AEBC-C37E648289EB}.Release|Any CPU.ActiveCfg = Release|Any CPU
		{DFF82808-2312-46B6-AEBC-C37E648289EB}.Release|Any CPU.Build.0 = Release|Any CPU
	EndGlobalSection
	GlobalSection(SolutionProperties) = preSolution
		HideSolutionNode = FALSE
	EndGlobalSection
	GlobalSection(ExtensibilityGlobals) = postSolution
		SolutionGuid = {F03233DD-56A3-48EB-B77A-0C75162B13E1}
	EndGlobalSection
EndGlobal
